
Microsoft Visual Studio Solution File, Format Version 12.00
# Visual Studio Version 16
VisualStudioVersion = 25.0.1705.4
MinimumVisualStudioVersion = 10.0.40219.1
Project("{FAE04EC0-301F-11D3-BF4B-00C04F79EFBC}") = "logReaderMaster", "logReaderMaster\logReaderMaster.csproj", "{07E92848-1FA6-4D61-810F-FF8B3EAD376B}"
EndProject
Global
	GlobalSection(SolutionConfigurationPlatforms) = preSolution
		Debug|Any CPU = Debug|Any CPU
		Release|Any CPU = Release|Any CPU
	EndGlobalSection
	GlobalSection(ProjectConfigurationPlatforms) = postSolution
		{07E92848-1FA6-4D61-810F-FF8B3EAD376B}.Debug|Any CPU.ActiveCfg = Debug|Any CPU
		{07E92848-1FA6-4D61-810F-FF8B3EAD376B}.Debug|Any CPU.Build.0 = Debug|Any CPU
		{07E92848-1FA6-4D61-810F-FF8B3EAD376B}.Release|Any CPU.ActiveCfg = Release|Any CPU
		{07E92848-1FA6-4D61-810F-FF8B3EAD376B}.Release|Any CPU.Build.0 = Release|Any CPU
	EndGlobalSection
	GlobalSection(SolutionProperties) = preSolution
		HideSolutionNode = FALSE
	EndGlobalSection
	GlobalSection(ExtensibilityGlobals) = postSolution
		SolutionGuid = {C970ED9D-2043-4796-B71D-B83FADAE6A75}
	EndGlobalSection
EndGlobal
